// !$*UTF8*$!
{
	archiveVersion = 1;
	classes = {
	};
	objectVersion = 51;
	objects = {

/* Begin PBXBuildFile section */
		227961AD4A914C466E51705E /* Pods_Demo3000.framework in Frameworks */ = {isa = PBXBuildFile; fileRef = 5B9AAA9E679B9185CA7AAE01 /* Pods_Demo3000.framework */; };
		7D563B8E24A097FC00A5C18F /* Main.storyboard in Resources */ = {isa = PBXBuildFile; fileRef = 7D563B8C24A097FC00A5C18F /* Main.storyboard */; };
		7D563B9024A097FE00A5C18F /* Assets.xcassets in Resources */ = {isa = PBXBuildFile; fileRef = 7D563B8F24A097FE00A5C18F /* Assets.xcassets */; };
		7D563B9324A097FE00A5C18F /* LaunchScreen.storyboard in Resources */ = {isa = PBXBuildFile; fileRef = 7D563B9124A097FE00A5C18F /* LaunchScreen.storyboard */; };
		7D563B9624A097FE00A5C18F /* main.m in Sources */ = {isa = PBXBuildFile; fileRef = 7D563B9524A097FE00A5C18F /* main.m */; };
		7D9B22EE24C7D4F400F5098B /* NativeHelper.m in Sources */ = {isa = PBXBuildFile; fileRef = 7D9B22D124C7D4F300F5098B /* NativeHelper.m */; };
		7D9B22EF24C7D4F400F5098B /* NativeDemoTableViewListVC.m in Sources */ = {isa = PBXBuildFile; fileRef = 7D9B22D224C7D4F300F5098B /* NativeDemoTableViewListVC.m */; };
		7D9B22F024C7D4F400F5098B /* NativeNewsNormalModel.m in Sources */ = {isa = PBXBuildFile; fileRef = 7D9B22D524C7D4F300F5098B /* NativeNewsNormalModel.m */; };
		7D9B22F124C7D4F400F5098B /* NativeDemoTableViewListVC.xib in Resources */ = {isa = PBXBuildFile; fileRef = 7D9B22D624C7D4F300F5098B /* NativeDemoTableViewListVC.xib */; };
		7D9B22F224C7D4F400F5098B /* nativeNews.json in Resources */ = {isa = PBXBuildFile; fileRef = 7D9B22D724C7D4F300F5098B /* nativeNews.json */; };
		7D9B22F324C7D4F400F5098B /* NativeNewsNormalCell.m in Sources */ = {isa = PBXBuildFile; fileRef = 7D9B22D924C7D4F300F5098B /* NativeNewsNormalCell.m */; };
		7D9B22F424C7D4F400F5098B /* bottomImg.jpeg in Resources */ = {isa = PBXBuildFile; fileRef = 7D9B22DA24C7D4F400F5098B /* bottomImg.jpeg */; };
		7D9B22F524C7D4F400F5098B /* timg.jpeg in Resources */ = {isa = PBXBuildFile; fileRef = 7D9B22DC24C7D4F400F5098B /* timg.jpeg */; };
		7D9B22F624C7D4F400F5098B /* BannerADController.m in Sources */ = {isa = PBXBuildFile; fileRef = 7D9B22DD24C7D4F400F5098B /* BannerADController.m */; };
		7D9B22F724C7D4F400F5098B /* InterstitialAdViewController.m in Sources */ = {isa = PBXBuildFile; fileRef = 7D9B22DF24C7D4F400F5098B /* InterstitialAdViewController.m */; };
		7D9B22F824C7D4F400F5098B /* AppDelegate.m in Sources */ = {isa = PBXBuildFile; fileRef = 7D9B22E124C7D4F400F5098B /* AppDelegate.m */; };
		7D9B22F924C7D4F400F5098B /* NewsViewController.m in Sources */ = {isa = PBXBuildFile; fileRef = 7D9B22E324C7D4F400F5098B /* NewsViewController.m */; };
		7D9B22FA24C7D4F400F5098B /* SplashViewController.m in Sources */ = {isa = PBXBuildFile; fileRef = 7D9B22E524C7D4F400F5098B /* SplashViewController.m */; };
		7D9B22FB24C7D4F400F5098B /* RewardVideoViewController.m in Sources */ = {isa = PBXBuildFile; fileRef = 7D9B22E624C7D4F400F5098B /* RewardVideoViewController.m */; };
		7D9B22FC24C7D4F400F5098B /* NativeInfosDemoController.m in Sources */ = {isa = PBXBuildFile; fileRef = 7D9B22E724C7D4F400F5098B /* NativeInfosDemoController.m */; };
		7D9B22FD24C7D4F400F5098B /* NativeAdListsController.m in Sources */ = {isa = PBXBuildFile; fileRef = 7D9B22E924C7D4F400F5098B /* NativeAdListsController.m */; };
		7D9B22FE24C7D4F400F5098B /* ViewController.m in Sources */ = {isa = PBXBuildFile; fileRef = 7D9B22EA24C7D4F400F5098B /* ViewController.m */; };
		7D9B22FF24C7D4F400F5098B /* SplashViewController.xib in Resources */ = {isa = PBXBuildFile; fileRef = 7D9B22EC24C7D4F400F5098B /* SplashViewController.xib */; };
/* End PBXBuildFile section */

/* Begin PBXFileReference section */
		58BED84A16EB3542F67F1F60 /* Pods-Demo3000.debug.xcconfig */ = {isa = PBXFileReference; includeInIndex = 1; lastKnownFileType = text.xcconfig; name = "Pods-Demo3000.debug.xcconfig"; path = "Target Support Files/Pods-Demo3000/Pods-Demo3000.debug.xcconfig"; sourceTree = "<group>"; };
		5B9AAA9E679B9185CA7AAE01 /* Pods_Demo3000.framework */ = {isa = PBXFileReference; explicitFileType = wrapper.framework; includeInIndex = 0; path = Pods_Demo3000.framework; sourceTree = BUILT_PRODUCTS_DIR; };
		7D563B8024A097FC00A5C18F /* Demo3000.app */ = {isa = PBXFileReference; explicitFileType = wrapper.application; includeInIndex = 0; path = Demo3000.app; sourceTree = BUILT_PRODUCTS_DIR; };
		7D563B8D24A097FC00A5C18F /* Base */ = {isa = PBXFileReference; lastKnownFileType = file.storyboard; name = Base; path = Base.lproj/Main.storyboard; sourceTree = "<group>"; };
		7D563B8F24A097FE00A5C18F /* Assets.xcassets */ = {isa = PBXFileReference; lastKnownFileType = folder.assetcatalog; path = Assets.xcassets; sourceTree = "<group>"; };
		7D563B9224A097FE00A5C18F /* Base */ = {isa = PBXFileReference; lastKnownFileType = file.storyboard; name = Base; path = Base.lproj/LaunchScreen.storyboard; sourceTree = "<group>"; };
		7D563B9424A097FE00A5C18F /* Info.plist */ = {isa = PBXFileReference; lastKnownFileType = text.plist.xml; path = Info.plist; sourceTree = "<group>"; };
		7D563B9524A097FE00A5C18F /* main.m */ = {isa = PBXFileReference; lastKnownFileType = sourcecode.c.objc; path = main.m; sourceTree = "<group>"; };
		7D9B22CE24C7D4F300F5098B /* ViewController.h */ = {isa = PBXFileReference; fileEncoding = 4; lastKnownFileType = sourcecode.c.h; name = ViewController.h; path = ../../VlionAdSDK_3000/VlionAdSDK_3000/ViewController.h; sourceTree = "<group>"; };
		7D9B22D024C7D4F300F5098B /* NativeNewsNormalModel.h */ = {isa = PBXFileReference; fileEncoding = 4; lastKnownFileType = sourcecode.c.h; path = NativeNewsNormalModel.h; sourceTree = "<group>"; };
		7D9B22D124C7D4F300F5098B /* NativeHelper.m */ = {isa = PBXFileReference; fileEncoding = 4; lastKnownFileType = sourcecode.c.objc; path = NativeHelper.m; sourceTree = "<group>"; };
		7D9B22D224C7D4F300F5098B /* NativeDemoTableViewListVC.m */ = {isa = PBXFileReference; fileEncoding = 4; lastKnownFileType = sourcecode.c.objc; path = NativeDemoTableViewListVC.m; sourceTree = "<group>"; };
		7D9B22D324C7D4F300F5098B /* NativeNewsNormalCell.h */ = {isa = PBXFileReference; fileEncoding = 4; lastKnownFileType = sourcecode.c.h; path = NativeNewsNormalCell.h; sourceTree = "<group>"; };
		7D9B22D424C7D4F300F5098B /* NativeHelper.h */ = {isa = PBXFileReference; fileEncoding = 4; lastKnownFileType = sourcecode.c.h; path = NativeHelper.h; sourceTree = "<group>"; };
		7D9B22D524C7D4F300F5098B /* NativeNewsNormalModel.m */ = {isa = PBXFileReference; fileEncoding = 4; lastKnownFileType = sourcecode.c.objc; path = NativeNewsNormalModel.m; sourceTree = "<group>"; };
		7D9B22D624C7D4F300F5098B /* NativeDemoTableViewListVC.xib */ = {isa = PBXFileReference; fileEncoding = 4; lastKnownFileType = file.xib; path = NativeDemoTableViewListVC.xib; sourceTree = "<group>"; };
		7D9B22D724C7D4F300F5098B /* nativeNews.json */ = {isa = PBXFileReference; fileEncoding = 4; lastKnownFileType = text.json; path = nativeNews.json; sourceTree = "<group>"; };
		7D9B22D824C7D4F300F5098B /* NativeDemoTableViewListVC.h */ = {isa = PBXFileReference; fileEncoding = 4; lastKnownFileType = sourcecode.c.h; path = NativeDemoTableViewListVC.h; sourceTree = "<group>"; };
		7D9B22D924C7D4F300F5098B /* NativeNewsNormalCell.m */ = {isa = PBXFileReference; fileEncoding = 4; lastKnownFileType = sourcecode.c.objc; path = NativeNewsNormalCell.m; sourceTree = "<group>"; };
		7D9B22DA24C7D4F400F5098B /* bottomImg.jpeg */ = {isa = PBXFileReference; lastKnownFileType = image.jpeg; name = bottomImg.jpeg; path = ../../VlionAdSDK_3000/VlionAdSDK_3000/bottomImg.jpeg; sourceTree = "<group>"; };
		7D9B22DB24C7D4F400F5098B /* SplashViewController.h */ = {isa = PBXFileReference; fileEncoding = 4; lastKnownFileType = sourcecode.c.h; name = SplashViewController.h; path = ../../VlionAdSDK_3000/VlionAdSDK_3000/SplashViewController.h; sourceTree = "<group>"; };
		7D9B22DC24C7D4F400F5098B /* timg.jpeg */ = {isa = PBXFileReference; lastKnownFileType = image.jpeg; name = timg.jpeg; path = ../../VlionAdSDK_3000/VlionAdSDK_3000/timg.jpeg; sourceTree = "<group>"; };
		7D9B22DD24C7D4F400F5098B /* BannerADController.m */ = {isa = PBXFileReference; fileEncoding = 4; lastKnownFileType = sourcecode.c.objc; name = BannerADController.m; path = ../../VlionAdSDK_3000/VlionAdSDK_3000/BannerADController.m; sourceTree = "<group>"; };
		7D9B22DE24C7D4F400F5098B /* NewsViewController.h */ = {isa = PBXFileReference; fileEncoding = 4; lastKnownFileType = sourcecode.c.h; name = NewsViewController.h; path = ../../VlionAdSDK_3000/VlionAdSDK_3000/NewsViewController.h; sourceTree = "<group>"; };
		7D9B22DF24C7D4F400F5098B /* InterstitialAdViewController.m */ = {isa = PBXFileReference; fileEncoding = 4; lastKnownFileType = sourcecode.c.objc; name = InterstitialAdViewController.m; path = ../../VlionAdSDK_3000/VlionAdSDK_3000/InterstitialAdViewController.m; sourceTree = "<group>"; };
		7D9B22E024C7D4F400F5098B /* RewardVideoViewController.h */ = {isa = PBXFileReference; fileEncoding = 4; lastKnownFileType = sourcecode.c.h; name = RewardVideoViewController.h; path = ../../VlionAdSDK_3000/VlionAdSDK_3000/RewardVideoViewController.h; sourceTree = "<group>"; };
		7D9B22E124C7D4F400F5098B /* AppDelegate.m */ = {isa = PBXFileReference; fileEncoding = 4; lastKnownFileType = sourcecode.c.objc; name = AppDelegate.m; path = ../../VlionAdSDK_3000/VlionAdSDK_3000/AppDelegate.m; sourceTree = "<group>"; };
		7D9B22E224C7D4F400F5098B /* NativeInfosDemoController.h */ = {isa = PBXFileReference; fileEncoding = 4; lastKnownFileType = sourcecode.c.h; name = NativeInfosDemoController.h; path = ../../VlionAdSDK_3000/VlionAdSDK_3000/NativeInfosDemoController.h; sourceTree = "<group>"; };
		7D9B22E324C7D4F400F5098B /* NewsViewController.m */ = {isa = PBXFileReference; fileEncoding = 4; lastKnownFileType = sourcecode.c.objc; name = NewsViewController.m; path = ../../VlionAdSDK_3000/VlionAdSDK_3000/NewsViewController.m; sourceTree = "<group>"; };
		7D9B22E424C7D4F400F5098B /* BannerADController.h */ = {isa = PBXFileReference; fileEncoding = 4; lastKnownFileType = sourcecode.c.h; name = BannerADController.h; path = ../../VlionAdSDK_3000/VlionAdSDK_3000/BannerADController.h; sourceTree = "<group>"; };
		7D9B22E524C7D4F400F5098B /* SplashViewController.m */ = {isa = PBXFileReference; fileEncoding = 4; lastKnownFileType = sourcecode.c.objc; name = SplashViewController.m; path = ../../VlionAdSDK_3000/VlionAdSDK_3000/SplashViewController.m; sourceTree = "<group>"; };
		7D9B22E624C7D4F400F5098B /* RewardVideoViewController.m */ = {isa = PBXFileReference; fileEncoding = 4; lastKnownFileType = sourcecode.c.objc; name = RewardVideoViewController.m; path = ../../VlionAdSDK_3000/VlionAdSDK_3000/RewardVideoViewController.m; sourceTree = "<group>"; };
		7D9B22E724C7D4F400F5098B /* NativeInfosDemoController.m */ = {isa = PBXFileReference; fileEncoding = 4; lastKnownFileType = sourcecode.c.objc; name = NativeInfosDemoController.m; path = ../../VlionAdSDK_3000/VlionAdSDK_3000/NativeInfosDemoController.m; sourceTree = "<group>"; };
		7D9B22E824C7D4F400F5098B /* AppDelegate.h */ = {isa = PBXFileReference; fileEncoding = 4; lastKnownFileType = sourcecode.c.h; name = AppDelegate.h; path = ../../VlionAdSDK_3000/VlionAdSDK_3000/AppDelegate.h; sourceTree = "<group>"; };
		7D9B22E924C7D4F400F5098B /* NativeAdListsController.m */ = {isa = PBXFileReference; fileEncoding = 4; lastKnownFileType = sourcecode.c.objc; name = NativeAdListsController.m; path = ../../VlionAdSDK_3000/VlionAdSDK_3000/NativeAdListsController.m; sourceTree = "<group>"; };
		7D9B22EA24C7D4F400F5098B /* ViewController.m */ = {isa = PBXFileReference; fileEncoding = 4; lastKnownFileType = sourcecode.c.objc; name = ViewController.m; path = ../../VlionAdSDK_3000/VlionAdSDK_3000/ViewController.m; sourceTree = "<group>"; };
		7D9B22EB24C7D4F400F5098B /* InterstitialAdViewController.h */ = {isa = PBXFileReference; fileEncoding = 4; lastKnownFileType = sourcecode.c.h; name = InterstitialAdViewController.h; path = ../../VlionAdSDK_3000/VlionAdSDK_3000/InterstitialAdViewController.h; sourceTree = "<group>"; };
		7D9B22EC24C7D4F400F5098B /* SplashViewController.xib */ = {isa = PBXFileReference; fileEncoding = 4; lastKnownFileType = file.xib; name = SplashViewController.xib; path = ../../VlionAdSDK_3000/VlionAdSDK_3000/SplashViewController.xib; sourceTree = "<group>"; };
		7D9B22ED24C7D4F400F5098B /* NativeAdListsController.h */ = {isa = PBXFileReference; fileEncoding = 4; lastKnownFileType = sourcecode.c.h; name = NativeAdListsController.h; path = ../../VlionAdSDK_3000/VlionAdSDK_3000/NativeAdListsController.h; sourceTree = "<group>"; };
		A2FAE6F1DA9A1CBD28AD4A74 /* Pods-Demo3000.release.xcconfig */ = {isa = PBXFileReference; includeInIndex = 1; lastKnownFileType = text.xcconfig; name = "Pods-Demo3000.release.xcconfig"; path = "Target Support Files/Pods-Demo3000/Pods-Demo3000.release.xcconfig"; sourceTree = "<group>"; };
/* End PBXFileReference section */

/* Begin PBXFrameworksBuildPhase section */
		7D563B7D24A097FC00A5C18F /* Frameworks */ = {
			isa = PBXFrameworksBuildPhase;
			buildActionMask = 2147483647;
			files = (
				227961AD4A914C466E51705E /* Pods_Demo3000.framework in Frameworks */,
			);
			runOnlyForDeploymentPostprocessing = 0;
		};
/* End PBXFrameworksBuildPhase section */

/* Begin PBXGroup section */
		7D563B7724A097FC00A5C18F = {
			isa = PBXGroup;
			children = (
				7D563B8224A097FC00A5C18F /* Demo3000 */,
				7D563B8124A097FC00A5C18F /* Products */,
				8F6F01CEDF2D244C5AC0C0E5 /* Pods */,
				90D43099FAA261B30D7C54B5 /* Frameworks */,
			);
			sourceTree = "<group>";
		};
		7D563B8124A097FC00A5C18F /* Products */ = {
			isa = PBXGroup;
			children = (
				7D563B8024A097FC00A5C18F /* Demo3000.app */,
			);
			name = Products;
			sourceTree = "<group>";
		};
		7D563B8224A097FC00A5C18F /* Demo3000 */ = {
			isa = PBXGroup;
			children = (
				7D563B8C24A097FC00A5C18F /* Main.storyboard */,
				7D9B22E824C7D4F400F5098B /* AppDelegate.h */,
				7D9B22E124C7D4F400F5098B /* AppDelegate.m */,
				7D9B22E424C7D4F400F5098B /* BannerADController.h */,
				7D9B22DD24C7D4F400F5098B /* BannerADController.m */,
				7D9B22EB24C7D4F400F5098B /* InterstitialAdViewController.h */,
				7D9B22DF24C7D4F400F5098B /* InterstitialAdViewController.m */,
				7D9B22ED24C7D4F400F5098B /* NativeAdListsController.h */,
				7D9B22E924C7D4F400F5098B /* NativeAdListsController.m */,
				7D9B22E224C7D4F400F5098B /* NativeInfosDemoController.h */,
				7D9B22E724C7D4F400F5098B /* NativeInfosDemoController.m */,
				7D9B22E024C7D4F400F5098B /* RewardVideoViewController.h */,
				7D9B22E624C7D4F400F5098B /* RewardVideoViewController.m */,
				7D9B22DE24C7D4F400F5098B /* NewsViewController.h */,
				7D9B22E324C7D4F400F5098B /* NewsViewController.m */,
				7D9B22DB24C7D4F400F5098B /* SplashViewController.h */,
				7D9B22E524C7D4F400F5098B /* SplashViewController.m */,
				7D9B22EC24C7D4F400F5098B /* SplashViewController.xib */,
				7D9B22CE24C7D4F300F5098B /* ViewController.h */,
				7D9B22EA24C7D4F400F5098B /* ViewController.m */,
				7D9B22DA24C7D4F400F5098B /* bottomImg.jpeg */,
				7D9B22DC24C7D4F400F5098B /* timg.jpeg */,
				7D9B22CF24C7D4F300F5098B /* NativeDemos */,
				7D563B8F24A097FE00A5C18F /* Assets.xcassets */,
				7D563B9124A097FE00A5C18F /* LaunchScreen.storyboard */,
				7D563B9424A097FE00A5C18F /* Info.plist */,
				7D563B9524A097FE00A5C18F /* main.m */,
			);
			path = Demo3000;
			sourceTree = "<group>";
		};
		7D9B22CF24C7D4F300F5098B /* NativeDemos */ = {
			isa = PBXGroup;
			children = (
				7D9B22D024C7D4F300F5098B /* NativeNewsNormalModel.h */,
				7D9B22D124C7D4F300F5098B /* NativeHelper.m */,
				7D9B22D224C7D4F300F5098B /* NativeDemoTableViewListVC.m */,
				7D9B22D324C7D4F300F5098B /* NativeNewsNormalCell.h */,
				7D9B22D424C7D4F300F5098B /* NativeHelper.h */,
				7D9B22D524C7D4F300F5098B /* NativeNewsNormalModel.m */,
				7D9B22D624C7D4F300F5098B /* NativeDemoTableViewListVC.xib */,
				7D9B22D724C7D4F300F5098B /* nativeNews.json */,
				7D9B22D824C7D4F300F5098B /* NativeDemoTableViewListVC.h */,
				7D9B22D924C7D4F300F5098B /* NativeNewsNormalCell.m */,
			);
			name = NativeDemos;
			path = ../../VlionAdSDK_3000/VlionAdSDK_3000/NativeDemos;
			sourceTree = "<group>";
		};
		8F6F01CEDF2D244C5AC0C0E5 /* Pods */ = {
			isa = PBXGroup;
			children = (
				58BED84A16EB3542F67F1F60 /* Pods-Demo3000.debug.xcconfig */,
				A2FAE6F1DA9A1CBD28AD4A74 /* Pods-Demo3000.release.xcconfig */,
			);
			path = Pods;
			sourceTree = "<group>";
		};
		90D43099FAA261B30D7C54B5 /* Frameworks */ = {
			isa = PBXGroup;
			children = (
				5B9AAA9E679B9185CA7AAE01 /* Pods_Demo3000.framework */,
			);
			name = Frameworks;
			sourceTree = "<group>";
		};
/* End PBXGroup section */

/* Begin PBXNativeTarget section */
		7D563B7F24A097FC00A5C18F /* Demo3000 */ = {
			isa = PBXNativeTarget;
			buildConfigurationList = 7D563B9924A097FE00A5C18F /* Build configuration list for PBXNativeTarget "Demo3000" */;
			buildPhases = (
				408D7AD4868443D0ECD29CF5 /* [CP] Check Pods Manifest.lock */,
				7D563B7C24A097FC00A5C18F /* Sources */,
				7D563B7D24A097FC00A5C18F /* Frameworks */,
				7D563B7E24A097FC00A5C18F /* Resources */,
			);
			buildRules = (
			);
			dependencies = (
			);
			name = Demo3000;
			productName = Demo3000;
			productReference = 7D563B8024A097FC00A5C18F /* Demo3000.app */;
			productType = "com.apple.product-type.application";
		};
/* End PBXNativeTarget section */

/* Begin PBXProject section */
		7D563B7824A097FC00A5C18F /* Project object */ = {
			isa = PBXProject;
			attributes = {
				LastUpgradeCheck = 1150;
				ORGANIZATIONNAME = "杨挺";
				TargetAttributes = {
					7D563B7F24A097FC00A5C18F = {
						CreatedOnToolsVersion = 11.5;
					};
				};
			};
			buildConfigurationList = 7D563B7B24A097FC00A5C18F /* Build configuration list for PBXProject "Demo3000" */;
			compatibilityVersion = "Xcode 9.3";
			developmentRegion = en;
			hasScannedForEncodings = 0;
			knownRegions = (
				en,
				Base,
			);
			mainGroup = 7D563B7724A097FC00A5C18F;
			productRefGroup = 7D563B8124A097FC00A5C18F /* Products */;
			projectDirPath = "";
			projectRoot = "";
			targets = (
				7D563B7F24A097FC00A5C18F /* Demo3000 */,
			);
		};
/* End PBXProject section */

/* Begin PBXResourcesBuildPhase section */
		7D563B7E24A097FC00A5C18F /* Resources */ = {
			isa = PBXResourcesBuildPhase;
			buildActionMask = 2147483647;
			files = (
				7D563B9324A097FE00A5C18F /* LaunchScreen.storyboard in Resources */,
				7D9B22F524C7D4F400F5098B /* timg.jpeg in Resources */,
				7D9B22F224C7D4F400F5098B /* nativeNews.json in Resources */,
				7D9B22FF24C7D4F400F5098B /* SplashViewController.xib in Resources */,
				7D563B9024A097FE00A5C18F /* Assets.xcassets in Resources */,
				7D9B22F124C7D4F400F5098B /* NativeDemoTableViewListVC.xib in Resources */,
				7D9B22F424C7D4F400F5098B /* bottomImg.jpeg in Resources */,
				7D563B8E24A097FC00A5C18F /* Main.storyboard in Resources */,
			);
			runOnlyForDeploymentPostprocessing = 0;
		};
/* End PBXResourcesBuildPhase section */

/* Begin PBXShellScriptBuildPhase section */
		408D7AD4868443D0ECD29CF5 /* [CP] Check Pods Manifest.lock */ = {
			isa = PBXShellScriptBuildPhase;
			buildActionMask = 2147483647;
			files = (
			);
			inputFileListPaths = (
			);
			inputPaths = (
				"${PODS_PODFILE_DIR_PATH}/Podfile.lock",
				"${PODS_ROOT}/Manifest.lock",
			);
			name = "[CP] Check Pods Manifest.lock";
			outputFileListPaths = (
			);
			outputPaths = (
				"$(DERIVED_FILE_DIR)/Pods-Demo3000-checkManifestLockResult.txt",
			);
			runOnlyForDeploymentPostprocessing = 0;
			shellPath = /bin/sh;
			shellScript = "diff \"${PODS_PODFILE_DIR_PATH}/Podfile.lock\" \"${PODS_ROOT}/Manifest.lock\" > /dev/null\nif [ $? != 0 ] ; then\n    # print error to STDERR\n    echo \"error: The sandbox is not in sync with the Podfile.lock. Run 'pod install' or update your CocoaPods installation.\" >&2\n    exit 1\nfi\n# This output is used by Xcode 'outputs' to avoid re-running this script phase.\necho \"SUCCESS\" > \"${SCRIPT_OUTPUT_FILE_0}\"\n";
			showEnvVarsInLog = 0;
		};
/* End PBXShellScriptBuildPhase section */

/* Begin PBXSourcesBuildPhase section */
		7D563B7C24A097FC00A5C18F /* Sources */ = {
			isa = PBXSourcesBuildPhase;
			buildActionMask = 2147483647;
			files = (
				7D9B22FE24C7D4F400F5098B /* ViewController.m in Sources */,
				7D9B22FB24C7D4F400F5098B /* RewardVideoViewController.m in Sources */,
				7D9B22F724C7D4F400F5098B /* InterstitialAdViewController.m in Sources */,
				7D9B22F024C7D4F400F5098B /* NativeNewsNormalModel.m in Sources */,
				7D9B22F324C7D4F400F5098B /* NativeNewsNormalCell.m in Sources */,
				7D9B22F624C7D4F400F5098B /* BannerADController.m in Sources */,
				7D9B22F824C7D4F400F5098B /* AppDelegate.m in Sources */,
				7D9B22FA24C7D4F400F5098B /* SplashViewController.m in Sources */,
				7D9B22EF24C7D4F400F5098B /* NativeDemoTableViewListVC.m in Sources */,
				7D9B22F924C7D4F400F5098B /* NewsViewController.m in Sources */,
				7D9B22FC24C7D4F400F5098B /* NativeInfosDemoController.m in Sources */,
				7D9B22EE24C7D4F400F5098B /* NativeHelper.m in Sources */,
				7D563B9624A097FE00A5C18F /* main.m in Sources */,
				7D9B22FD24C7D4F400F5098B /* NativeAdListsController.m in Sources */,
			);
			runOnlyForDeploymentPostprocessing = 0;
		};
/* End PBXSourcesBuildPhase section */

/* Begin PBXVariantGroup section */
		7D563B8C24A097FC00A5C18F /* Main.storyboard */ = {
			isa = PBXVariantGroup;
			children = (
				7D563B8D24A097FC00A5C18F /* Base */,
			);
			name = Main.storyboard;
			sourceTree = "<group>";
		};
		7D563B9124A097FE00A5C18F /* LaunchScreen.storyboard */ = {
			isa = PBXVariantGroup;
			children = (
				7D563B9224A097FE00A5C18F /* Base */,
			);
			name = LaunchScreen.storyboard;
			sourceTree = "<group>";
		};
/* End PBXVariantGroup section */

/* Begin XCBuildConfiguration section */
		7D563B9724A097FE00A5C18F /* Debug */ = {
			isa = XCBuildConfiguration;
			buildSettings = {
				ALWAYS_SEARCH_USER_PATHS = NO;
				CLANG_ANALYZER_NONNULL = YES;
				CLANG_ANALYZER_NUMBER_OBJECT_CONVERSION = YES_AGGRESSIVE;
				CLANG_CXX_LANGUAGE_STANDARD = "gnu++14";
				CLANG_CXX_LIBRARY = "libc++";
				CLANG_ENABLE_MODULES = YES;
				CLANG_ENABLE_OBJC_ARC = YES;
				CLANG_ENABLE_OBJC_WEAK = YES;
				CLANG_WARN_BLOCK_CAPTURE_AUTORELEASING = YES;
				CLANG_WARN_BOOL_CONVERSION = YES;
				CLANG_WARN_COMMA = YES;
				CLANG_WARN_CONSTANT_CONVERSION = YES;
				CLANG_WARN_DEPRECATED_OBJC_IMPLEMENTATIONS = YES;
				CLANG_WARN_DIRECT_OBJC_ISA_USAGE = YES_ERROR;
				CLANG_WARN_DOCUMENTATION_COMMENTS = YES;
				CLANG_WARN_EMPTY_BODY = YES;
				CLANG_WARN_ENUM_CONVERSION = YES;
				CLANG_WARN_INFINITE_RECURSION = YES;
				CLANG_WARN_INT_CONVERSION = YES;
				CLANG_WARN_NON_LITERAL_NULL_CONVERSION = YES;
				CLANG_WARN_OBJC_IMPLICIT_RETAIN_SELF = YES;
				CLANG_WARN_OBJC_LITERAL_CONVERSION = YES;
				CLANG_WARN_OBJC_ROOT_CLASS = YES_ERROR;
				CLANG_WARN_RANGE_LOOP_ANALYSIS = YES;
				CLANG_WARN_STRICT_PROTOTYPES = YES;
				CLANG_WARN_SUSPICIOUS_MOVE = YES;
				CLANG_WARN_UNGUARDED_AVAILABILITY = YES_AGGRESSIVE;
				CLANG_WARN_UNREACHABLE_CODE = YES;
				CLANG_WARN__DUPLICATE_METHOD_MATCH = YES;
				COPY_PHASE_STRIP = NO;
				DEBUG_INFORMATION_FORMAT = dwarf;
				ENABLE_STRICT_OBJC_MSGSEND = YES;
				ENABLE_TESTABILITY = YES;
				GCC_C_LANGUAGE_STANDARD = gnu11;
				GCC_DYNAMIC_NO_PIC = NO;
				GCC_NO_COMMON_BLOCKS = YES;
				GCC_OPTIMIZATION_LEVEL = 0;
				GCC_PREPROCESSOR_DEFINITIONS = (
					"DEBUG=1",
					"$(inherited)",
				);
				GCC_WARN_64_TO_32_BIT_CONVERSION = YES;
				GCC_WARN_ABOUT_RETURN_TYPE = YES_ERROR;
				GCC_WARN_UNDECLARED_SELECTOR = YES;
				GCC_WARN_UNINITIALIZED_AUTOS = YES_AGGRESSIVE;
				GCC_WARN_UNUSED_FUNCTION = YES;
				GCC_WARN_UNUSED_VARIABLE = YES;
				IPHONEOS_DEPLOYMENT_TARGET = 13.5;
				MTL_ENABLE_DEBUG_INFO = INCLUDE_SOURCE;
				MTL_FAST_MATH = YES;
				ONLY_ACTIVE_ARCH = YES;
				SDKROOT = iphoneos;
			};
			name = Debug;
		};
		7D563B9824A097FE00A5C18F /* Release */ = {
			isa = XCBuildConfiguration;
			buildSettings = {
				ALWAYS_SEARCH_USER_PATHS = NO;
				CLANG_ANALYZER_NONNULL = YES;
				CLANG_ANALYZER_NUMBER_OBJECT_CONVERSION = YES_AGGRESSIVE;
				CLANG_CXX_LANGUAGE_STANDARD = "gnu++14";
				CLANG_CXX_LIBRARY = "libc++";
				CLANG_ENABLE_MODULES = YES;
				CLANG_ENABLE_OBJC_ARC = YES;
				CLANG_ENABLE_OBJC_WEAK = YES;
				CLANG_WARN_BLOCK_CAPTURE_AUTORELEASING = YES;
				CLANG_WARN_BOOL_CONVERSION = YES;
				CLANG_WARN_COMMA = YES;
				CLANG_WARN_CONSTANT_CONVERSION = YES;
				CLANG_WARN_DEPRECATED_OBJC_IMPLEMENTATIONS = YES;
				CLANG_WARN_DIRECT_OBJC_ISA_USAGE = YES_ERROR;
				CLANG_WARN_DOCUMENTATION_COMMENTS = YES;
				CLANG_WARN_EMPTY_BODY = YES;
				CLANG_WARN_ENUM_CONVERSION = YES;
				CLANG_WARN_INFINITE_RECURSION = YES;
				CLANG_WARN_INT_CONVERSION = YES;
				CLANG_WARN_NON_LITERAL_NULL_CONVERSION = YES;
				CLANG_WARN_OBJC_IMPLICIT_RETAIN_SELF = YES;
				CLANG_WARN_OBJC_LITERAL_CONVERSION = YES;
				CLANG_WARN_OBJC_ROOT_CLASS = YES_ERROR;
				CLANG_WARN_RANGE_LOOP_ANALYSIS = YES;
				CLANG_WARN_STRICT_PROTOTYPES = YES;
				CLANG_WARN_SUSPICIOUS_MOVE = YES;
				CLANG_WARN_UNGUARDED_AVAILABILITY = YES_AGGRESSIVE;
				CLANG_WARN_UNREACHABLE_CODE = YES;
				CLANG_WARN__DUPLICATE_METHOD_MATCH = YES;
				COPY_PHASE_STRIP = NO;
				DEBUG_INFORMATION_FORMAT = "dwarf-with-dsym";
				ENABLE_NS_ASSERTIONS = NO;
				ENABLE_STRICT_OBJC_MSGSEND = YES;
				GCC_C_LANGUAGE_STANDARD = gnu11;
				GCC_NO_COMMON_BLOCKS = YES;
				GCC_WARN_64_TO_32_BIT_CONVERSION = YES;
				GCC_WARN_ABOUT_RETURN_TYPE = YES_ERROR;
				GCC_WARN_UNDECLARED_SELECTOR = YES;
				GCC_WARN_UNINITIALIZED_AUTOS = YES_AGGRESSIVE;
				GCC_WARN_UNUSED_FUNCTION = YES;
				GCC_WARN_UNUSED_VARIABLE = YES;
				IPHONEOS_DEPLOYMENT_TARGET = 13.5;
				MTL_ENABLE_DEBUG_INFO = NO;
				MTL_FAST_MATH = YES;
				SDKROOT = iphoneos;
				VALIDATE_PRODUCT = YES;
			};
			name = Release;
		};
		7D563B9A24A097FE00A5C18F /* Debug */ = {
			isa = XCBuildConfiguration;
			baseConfigurationReference = 58BED84A16EB3542F67F1F60 /* Pods-Demo3000.debug.xcconfig */;
			buildSettings = {
				ASSETCATALOG_COMPILER_APPICON_NAME = AppIcon;
				CODE_SIGN_STYLE = Automatic;
				DEVELOPMENT_TEAM = FAZ369SE75;
				ENABLE_BITCODE = NO;
				INFOPLIST_FILE = Demo3000/Info.plist;
				IPHONEOS_DEPLOYMENT_TARGET = 9.0;
				LD_RUNPATH_SEARCH_PATHS = (
					"$(inherited)",
					"@executable_path/Frameworks",
				);
				PRODUCT_BUNDLE_IDENTIFIER = org.linable.candy.snow2018;
				PRODUCT_NAME = "$(TARGET_NAME)";
				TARGETED_DEVICE_FAMILY = "1,2";
			};
			name = Debug;
		};
		7D563B9B24A097FE00A5C18F /* Release */ = {
			isa = XCBuildConfiguration;
			baseConfigurationReference = A2FAE6F1DA9A1CBD28AD4A74 /* Pods-Demo3000.release.xcconfig */;
			buildSettings = {
				ASSETCATALOG_COMPILER_APPICON_NAME = AppIcon;
				CODE_SIGN_STYLE = Automatic;
				DEVELOPMENT_TEAM = FAZ369SE75;
				ENABLE_BITCODE = NO;
				INFOPLIST_FILE = Demo3000/Info.plist;
				IPHONEOS_DEPLOYMENT_TARGET = 9.0;
				LD_RUNPATH_SEARCH_PATHS = (
					"$(inherited)",
					"@executable_path/Frameworks",
				);
				PRODUCT_BUNDLE_IDENTIFIER = org.linable.candy.snow2018;
				PRODUCT_NAME = "$(TARGET_NAME)";
				TARGETED_DEVICE_FAMILY = "1,2";
			};
			name = Release;
		};
/* End XCBuildConfiguration section */

/* Begin XCConfigurationList section */
		7D563B7B24A097FC00A5C18F /* Build configuration list for PBXProject "Demo3000" */ = {
			isa = XCConfigurationList;
			buildConfigurations = (
				7D563B9724A097FE00A5C18F /* Debug */,
				7D563B9824A097FE00A5C18F /* Release */,
			);
			defaultConfigurationIsVisible = 0;
			defaultConfigurationName = Release;
		};
		7D563B9924A097FE00A5C18F /* Build configuration list for PBXNativeTarget "Demo3000" */ = {
			isa = XCConfigurationList;
			buildConfigurations = (
				7D563B9A24A097FE00A5C18F /* Debug */,
				7D563B9B24A097FE00A5C18F /* Release */,
			);
			defaultConfigurationIsVisible = 0;
			defaultConfigurationName = Release;
		};
/* End XCConfigurationList section */
	};
	rootObject = 7D563B7824A097FC00A5C18F /* Project object */;
}
